
Microsoft Visual Studio Solution File, Format Version 12.00
# Visual Studio Version 17
VisualStudioVersion = 17.11.35327.3
MinimumVisualStudioVersion = 10.0.40219.1
Project("{888888A0-9F3D-457C-B088-3A5042F75D52}") = "Number Guessing Game", "Number Guessing Game\Number Guessing Game.pyproj", "{80C09762-7AA5-4CFF-BCD3-60BF64C1F2EA}"
EndProject
Global
	GlobalSection(SolutionConfigurationPlatforms) = preSolution
		Debug|Any CPU = Debug|Any CPU
		Release|Any CPU = Release|Any CPU
	EndGlobalSection
	GlobalSection(ProjectConfigurationPlatforms) = postSolution
		{80C09762-7AA5-4CFF-BCD3-60BF64C1F2EA}.Debug|Any CPU.ActiveCfg = Debug|Any CPU
		{80C09762-7AA5-4CFF-BCD3-60BF64C1F2EA}.Release|Any CPU.ActiveCfg = Release|Any CPU
	EndGlobalSection
	GlobalSection(SolutionProperties) = preSolution
		HideSolutionNode = FALSE
	EndGlobalSection
	GlobalSection(ExtensibilityGlobals) = postSolution
		SolutionGuid = {1F96CFA9-EE7C-48BA-9A14-854BD64BD751}
	EndGlobalSection
EndGlobal
